
Microsoft Visual Studio Solution File, Format Version 12.00
# Visual Studio Version 17
VisualStudioVersion = 17.4.33213.308
MinimumVisualStudioVersion = 10.0.40219.1
Project("{FAE04EC0-301F-11D3-BF4B-00C04F79EFBC}") = "XO", "XO\XO.csproj", "{B63945E5-FB2C-4E6C-833B-46913B7EB4EE}"
EndProject
Global
	GlobalSection(SolutionConfigurationPlatforms) = preSolution
		Debug|Any CPU = Debug|Any CPU
		Release|Any CPU = Release|Any CPU
	EndGlobalSection
	GlobalSection(ProjectConfigurationPlatforms) = postSolution
		{B63945E5-FB2C-4E6C-833B-46913B7EB4EE}.Debug|Any CPU.ActiveCfg = Debug|Any CPU
		{B63945E5-FB2C-4E6C-833B-46913B7EB4EE}.Debug|Any CPU.Build.0 = Debug|Any CPU
		{B63945E5-FB2C-4E6C-833B-46913B7EB4EE}.Release|Any CPU.ActiveCfg = Release|Any CPU
		{B63945E5-FB2C-4E6C-833B-46913B7EB4EE}.Release|Any CPU.Build.0 = Release|Any CPU
	EndGlobalSection
	GlobalSection(SolutionProperties) = preSolution
		HideSolutionNode = FALSE
	EndGlobalSection
	GlobalSection(ExtensibilityGlobals) = postSolution
		SolutionGuid = {C40B931F-6845-4A11-86B4-704A1981746B}
	EndGlobalSection
EndGlobal
